
Microsoft Visual Studio Solution File, Format Version 12.00
# Visual Studio Version 17
VisualStudioVersion = 17.8.34601.278
MinimumVisualStudioVersion = 10.0.40219.1
Project("{9A19103F-16F7-4668-BE54-9A1E7A4F7556}") = "LessonLab", "LessonLab.csproj", "{C607C36F-AB36-41CA-A215-813B3B394EBF}"
EndProject
Global
	GlobalSection(SolutionConfigurationPlatforms) = preSolution
		Debug|Any CPU = Debug|Any CPU
		Release|Any CPU = Release|Any CPU
	EndGlobalSection
	GlobalSection(ProjectConfigurationPlatforms) = postSolution
		{C607C36F-AB36-41CA-A215-813B3B394EBF}.Debug|Any CPU.ActiveCfg = Debug|Any CPU
		{C607C36F-AB36-41CA-A215-813B3B394EBF}.Debug|Any CPU.Build.0 = Debug|Any CPU
		{C607C36F-AB36-41CA-A215-813B3B394EBF}.Release|Any CPU.ActiveCfg = Release|Any CPU
		{C607C36F-AB36-41CA-A215-813B3B394EBF}.Release|Any CPU.Build.0 = Release|Any CPU
	EndGlobalSection
	GlobalSection(SolutionProperties) = preSolution
		HideSolutionNode = FALSE
	EndGlobalSection
	GlobalSection(ExtensibilityGlobals) = postSolution
		SolutionGuid = {5D74A92A-5276-4946-9F6B-D4CF9A0A8378}
	EndGlobalSection
EndGlobal
